
Microsoft Visual Studio Solution File, Format Version 12.00
# Visual Studio Version 17
VisualStudioVersion = 17.0.32014.148
MinimumVisualStudioVersion = 10.0.40219.1
Project("{9A19103F-16F7-4668-BE54-9A1E7A4F7556}") = "P01.Furniture", "P01.Furniture\P01.Furniture.csproj", "{37FD5CA4-6CF3-4B27-AFC2-1E20B7544C60}"
EndProject
Project("{9A19103F-16F7-4668-BE54-9A1E7A4F7556}") = "P02. Race", "P02. Race\P02. Race.csproj", "{7BE3C9F2-71C5-4A47-B6A3-333F13836D15}"
EndProject
Project("{9A19103F-16F7-4668-BE54-9A1E7A4F7556}") = "P03. SoftUni Bar Income", "P03. SoftUni Bar Income\P03. SoftUni Bar Income.csproj", "{5DF72071-27AD-424C-BDE6-10779AEAB10B}"
EndProject
Project("{9A19103F-16F7-4668-BE54-9A1E7A4F7556}") = "P04.Star Enigma", "P04.Star Enigma\P04.Star Enigma.csproj", "{656BEFD9-8B54-4D08-8284-A1CC507C6105}"
EndProject
Project("{FAE04EC0-301F-11D3-BF4B-00C04F79EFBC}") = "P05. Nether Realms", "P05. Nether Realms\P05. Nether Realms.csproj", "{C5755F18-D76E-405C-AFD5-757CCDF890D1}"
EndProject
Global
	GlobalSection(SolutionConfigurationPlatforms) = preSolution
		Debug|Any CPU = Debug|Any CPU
		Release|Any CPU = Release|Any CPU
	EndGlobalSection
	GlobalSection(ProjectConfigurationPlatforms) = postSolution
		{37FD5CA4-6CF3-4B27-AFC2-1E20B7544C60}.Debug|Any CPU.ActiveCfg = Debug|Any CPU
		{37FD5CA4-6CF3-4B27-AFC2-1E20B7544C60}.Debug|Any CPU.Build.0 = Debug|Any CPU
		{37FD5CA4-6CF3-4B27-AFC2-1E20B7544C60}.Release|Any CPU.ActiveCfg = Release|Any CPU
		{37FD5CA4-6CF3-4B27-AFC2-1E20B7544C60}.Release|Any CPU.Build.0 = Release|Any CPU
		{7BE3C9F2-71C5-4A47-B6A3-333F13836D15}.Debug|Any CPU.ActiveCfg = Debug|Any CPU
		{7BE3C9F2-71C5-4A47-B6A3-333F13836D15}.Debug|Any CPU.Build.0 = Debug|Any CPU
		{7BE3C9F2-71C5-4A47-B6A3-333F13836D15}.Release|Any CPU.ActiveCfg = Release|Any CPU
		{7BE3C9F2-71C5-4A47-B6A3-333F13836D15}.Release|Any CPU.Build.0 = Release|Any CPU
		{5DF72071-27AD-424C-BDE6-10779AEAB10B}.Debug|Any CPU.ActiveCfg = Debug|Any CPU
		{5DF72071-27AD-424C-BDE6-10779AEAB10B}.Debug|Any CPU.Build.0 = Debug|Any CPU
		{5DF72071-27AD-424C-BDE6-10779AEAB10B}.Release|Any CPU.ActiveCfg = Release|Any CPU
		{5DF72071-27AD-424C-BDE6-10779AEAB10B}.Release|Any CPU.Build.0 = Release|Any CPU
		{656BEFD9-8B54-4D08-8284-A1CC507C6105}.Debug|Any CPU.ActiveCfg = Debug|Any CPU
		{656BEFD9-8B54-4D08-8284-A1CC507C6105}.Debug|Any CPU.Build.0 = Debug|Any CPU
		{656BEFD9-8B54-4D08-8284-A1CC507C6105}.Release|Any CPU.ActiveCfg = Release|Any CPU
		{656BEFD9-8B54-4D08-8284-A1CC507C6105}.Release|Any CPU.Build.0 = Release|Any CPU
		{C5755F18-D76E-405C-AFD5-757CCDF890D1}.Debug|Any CPU.ActiveCfg = Debug|Any CPU
		{C5755F18-D76E-405C-AFD5-757CCDF890D1}.Debug|Any CPU.Build.0 = Debug|Any CPU
		{C5755F18-D76E-405C-AFD5-757CCDF890D1}.Release|Any CPU.ActiveCfg = Release|Any CPU
		{C5755F18-D76E-405C-AFD5-757CCDF890D1}.Release|Any CPU.Build.0 = Release|Any CPU
	EndGlobalSection
	GlobalSection(SolutionProperties) = preSolution
		HideSolutionNode = FALSE
	EndGlobalSection
	GlobalSection(ExtensibilityGlobals) = postSolution
		SolutionGuid = {E8290D08-3E98-467A-A6B0-29A7D9F28147}
	EndGlobalSection
EndGlobal
